{
  "name": "github-calendar",
  "version": "1.3.1",
  "lockfileVersion": 1,
  "requires": true,
  "dependencies": {
    "add-subtract-date": {
      "version": "1.0.11",
      "resolved": "https://registry.npmjs.org/add-subtract-date/-/add-subtract-date-1.0.11.tgz",
      "integrity": "sha1-l9aY3Wt2XGXv/Uev5eY1B17hK3o="
    },
    "days": {
      "version": "1.1.1",
      "resolved": "https://registry.npmjs.org/days/-/days-1.1.1.tgz",
      "integrity": "sha512-vzeIwVsEIyA35GH4+mPd4hjVDNI87wYANyZFs0BHjBr5kIBH5zEl7LfD6Wr4SFZca4D3CU9IH1w4DuZLlXzKRw=="
    },
    "elly": {
      "version": "1.1.7",
      "resolved": "https://registry.npmjs.org/elly/-/elly-1.1.7.tgz",
      "integrity": "sha1-wIZP/s72asiZiWULHCAT7h+SXHg=",
      "requires": {
        "iterate-object": "^1.3.2",
        "sliced": "^1.0.1"
      }
    },
    "fillo": {
      "version": "1.0.9",
      "resolved": "https://registry.npmjs.org/fillo/-/fillo-1.0.9.tgz",
      "integrity": "sha1-DaOX9xGfca8OR3FuBnpbdkmOXKg="
    },
    "formatoid": {
      "version": "1.2.1",
      "resolved": "https://registry.npmjs.org/formatoid/-/formatoid-1.2.1.tgz",
      "integrity": "sha1-ydUfIOfiX7+ZhH6th9uHnRdPy9o=",
      "requires": {
        "days": "^1.0.1",
        "fillo": "^1.0.0",
        "months": "^1.0.0",
        "parse-it": "^1.0.0"
      }
    },
    "github-calendar-legend": {
      "version": "1.0.8",
      "resolved": "https://registry.npmjs.org/github-calendar-legend/-/github-calendar-legend-1.0.8.tgz",
      "integrity": "sha1-i9PXq0/C+EDdqG395J3qRMKJhyM="
    },
    "github-calendar-parser": {
      "version": "1.1.8",
      "resolved": "https://registry.npmjs.org/github-calendar-parser/-/github-calendar-parser-1.1.8.tgz",
      "integrity": "sha1-aLeUllnd1SDb4v35ikNeeGNrZUw=",
      "requires": {
        "github-calendar-legend": "^1.0.0"
      }
    },
    "iterate-object": {
      "version": "1.3.2",
      "resolved": "https://registry.npmjs.org/iterate-object/-/iterate-object-1.3.2.tgz",
      "integrity": "sha1-JOwVr/pdADnog5aVohwsrh9Ftms="
    },
    "months": {
      "version": "1.2.0",
      "resolved": "https://registry.npmjs.org/months/-/months-1.2.0.tgz",
      "integrity": "sha512-zFM7hUpziSYGk2DNObYGWgHdRRxAOgjl8CC1Rbl50p/q0rGDsREfk0nbxxmSIquVi/lEAuUY8nwbwkZ8biNCOQ=="
    },
    "parse-it": {
      "version": "1.0.8",
      "resolved": "https://registry.npmjs.org/parse-it/-/parse-it-1.0.8.tgz",
      "integrity": "sha1-6aU73hjIBJ57tBW3PhbTKS346uc=",
      "requires": {
        "regex-escape": "^3.4.0"
      }
    },
    "regex-escape": {
      "version": "3.4.7",
      "resolved": "https://registry.npmjs.org/regex-escape/-/regex-escape-3.4.7.tgz",
      "integrity": "sha1-brLq6PBA1EkWzCCCC9y9QUmNlK0="
    },
    "sliced": {
      "version": "1.0.1",
      "resolved": "https://registry.npmjs.org/sliced/-/sliced-1.0.1.tgz",
      "integrity": "sha1-CzpmK10Ewxd7GSa+qCsD+Dei70E="
    }
  }
}
