{
  "name": "github-calendar",
  "version": "2.2.7",
  "lockfileVersion": 1,
  "requires": true,
  "dependencies": {
    "add-subtract-date": {
      "version": "1.0.15",
      "resolved": "https://registry.npmjs.org/add-subtract-date/-/add-subtract-date-1.0.15.tgz",
      "integrity": "sha512-MiL4wnMyM999meyCrSA3LME9uZ/b5ptSd0ACDVUoTfutFwvkMyIN7nG7gjrU56WEk5RlFLBghabcgdYwY8s+nQ=="
    },
    "days": {
      "version": "1.1.1",
      "resolved": "https://registry.npmjs.org/days/-/days-1.1.1.tgz",
      "integrity": "sha512-vzeIwVsEIyA35GH4+mPd4hjVDNI87wYANyZFs0BHjBr5kIBH5zEl7LfD6Wr4SFZca4D3CU9IH1w4DuZLlXzKRw=="
    },
    "elly": {
      "version": "1.1.11",
      "resolved": "https://registry.npmjs.org/elly/-/elly-1.1.11.tgz",
      "integrity": "sha512-WFKVcEKEOjdSOhNYFKWQoJDk0Sb0re6v0fIsGkePn97dmPpKM/YoOKRdYIb34T1R13KPRNzDBDmT/Flb/54NXg==",
      "requires": {
        "iterate-object": "^1.3.2",
        "sliced": "^1.0.1"
      }
    },
    "fillo": {
      "version": "1.0.13",
      "resolved": "https://registry.npmjs.org/fillo/-/fillo-1.0.13.tgz",
      "integrity": "sha512-9LYJ0ww96DUYETd2Bia5NS1b8rj42nEE5zsfcUwDErMopTs6BRBe4dRIVjrZGXSiK4vNSL/Q3u0dyqbmkA2Zdg=="
    },
    "formatoid": {
      "version": "1.2.4",
      "resolved": "https://registry.npmjs.org/formatoid/-/formatoid-1.2.4.tgz",
      "integrity": "sha512-9wWHOPJvbIheSpiHGl0xaBwdszlzPaeh2KqHVexGQnKpO85xrMoKvuf6M3q0B4uC3I9lkXjH6+8ipQC8PQ/7Gw==",
      "requires": {
        "days": "^1.0.1",
        "fillo": "^1.0.0",
        "months": "^1.0.0",
        "parse-it": "^1.0.0"
      }
    },
    "github-calendar-legend": {
      "version": "1.0.11",
      "resolved": "https://registry.npmjs.org/github-calendar-legend/-/github-calendar-legend-1.0.11.tgz",
      "integrity": "sha512-V7AkszKw2fMeU+g6W5dQ7vDGzJ3giSaukdOUEdUqhcHhQDVYcQf7c0Q3korbQzJsh+Wh3MqyPtN+ZSAuEnHP2A=="
    },
    "github-calendar-parser": {
      "version": "1.1.13",
      "resolved": "https://registry.npmjs.org/github-calendar-parser/-/github-calendar-parser-1.1.13.tgz",
      "integrity": "sha512-zZZATmg54pX9Qyqc3I7FQ1M4Nfg0/+XshlGinf41tI8tZk96VWCMCIW52pzicwepdP/Ny5LZaBGE/NtprKevdw==",
      "requires": {
        "github-calendar-legend": "^1.0.11"
      }
    },
    "iterate-object": {
      "version": "1.3.4",
      "resolved": "https://registry.npmjs.org/iterate-object/-/iterate-object-1.3.4.tgz",
      "integrity": "sha512-4dG1D1x/7g8PwHS9aK6QV5V94+ZvyP4+d19qDv43EzImmrndysIl4prmJ1hWWIGCqrZHyaHBm6BSEWHOLnpoNw=="
    },
    "months": {
      "version": "1.2.0",
      "resolved": "https://registry.npmjs.org/months/-/months-1.2.0.tgz",
      "integrity": "sha512-zFM7hUpziSYGk2DNObYGWgHdRRxAOgjl8CC1Rbl50p/q0rGDsREfk0nbxxmSIquVi/lEAuUY8nwbwkZ8biNCOQ=="
    },
    "parse-it": {
      "version": "1.0.10",
      "resolved": "https://registry.npmjs.org/parse-it/-/parse-it-1.0.10.tgz",
      "integrity": "sha512-VAG4EuoNd2TT2wSRUuKyLEkZR3MhdWc+3UPp5CDQzqSt/FiniG+yJ5RXyJYiuzVAMEKL4d97gx6O3LR5jEB3uQ==",
      "requires": {
        "regex-escape": "^3.4.0"
      }
    },
    "regex-escape": {
      "version": "3.4.10",
      "resolved": "https://registry.npmjs.org/regex-escape/-/regex-escape-3.4.10.tgz",
      "integrity": "sha512-qEqf7uzW+iYcKNLMDFnMkghhQBnGdivT6KqVQyKsyjSWnoFyooXVnxrw9dtv3AFLnD6VBGXxtZGAQNFGFTnCqA=="
    },
    "sliced": {
      "version": "1.0.1",
      "resolved": "https://registry.npmjs.org/sliced/-/sliced-1.0.1.tgz",
      "integrity": "sha1-CzpmK10Ewxd7GSa+qCsD+Dei70E="
    }
  }
}
