# THIS IS AN AUTOGENERATED FILE. DO NOT EDIT THIS FILE DIRECTLY.
# yarn lockfile v1


days@^1.0.1:
  version "1.1.1"
  resolved "https://registry.yarnpkg.com/days/-/days-1.1.1.tgz#b039d1e5ad5335ca689401855546f02d4cfcb362"
  integrity sha512-vzeIwVsEIyA35GH4+mPd4hjVDNI87wYANyZFs0BHjBr5kIBH5zEl7LfD6Wr4SFZca4D3CU9IH1w4DuZLlXzKRw==

fillo@^1.0.0:
  version "1.0.13"
  resolved "https://registry.yarnpkg.com/fillo/-/fillo-1.0.13.tgz#31ff0dba75f33b04bada715277bd220448d80553"
  integrity sha512-9LYJ0ww96DUYETd2Bia5NS1b8rj42nEE5zsfcUwDErMopTs6BRBe4dRIVjrZGXSiK4vNSL/Q3u0dyqbmkA2Zdg==

formatoid@^1.2.4:
  version "1.2.4"
  resolved "https://registry.yarnpkg.com/formatoid/-/formatoid-1.2.4.tgz#924e5328566ad867a3c7658ec12f8b629fcbfe97"
  integrity sha512-9wWHOPJvbIheSpiHGl0xaBwdszlzPaeh2KqHVexGQnKpO85xrMoKvuf6M3q0B4uC3I9lkXjH6+8ipQC8PQ/7Gw==
  dependencies:
    days "^1.0.1"
    fillo "^1.0.0"
    months "^1.0.0"
    parse-it "^1.0.0"

months@^1.0.0:
  version "1.2.0"
  resolved "https://registry.yarnpkg.com/months/-/months-1.2.0.tgz#beef54873960334abe0b03f6b38db8adb44a13ac"
  integrity sha512-zFM7hUpziSYGk2DNObYGWgHdRRxAOgjl8CC1Rbl50p/q0rGDsREfk0nbxxmSIquVi/lEAuUY8nwbwkZ8biNCOQ==

parse-it@^1.0.0:
  version "1.0.10"
  resolved "https://registry.yarnpkg.com/parse-it/-/parse-it-1.0.10.tgz#1b54b770e1703f257cee71c234db8f924f9293b8"
  integrity sha512-VAG4EuoNd2TT2wSRUuKyLEkZR3MhdWc+3UPp5CDQzqSt/FiniG+yJ5RXyJYiuzVAMEKL4d97gx6O3LR5jEB3uQ==
  dependencies:
    regex-escape "^3.4.0"

regex-escape@^3.4.0:
  version "3.4.10"
  resolved "https://registry.yarnpkg.com/regex-escape/-/regex-escape-3.4.10.tgz#b45afec7a6e793b786ad193dc3d18b46b5ae08e6"
  integrity sha512-qEqf7uzW+iYcKNLMDFnMkghhQBnGdivT6KqVQyKsyjSWnoFyooXVnxrw9dtv3AFLnD6VBGXxtZGAQNFGFTnCqA==
